{
  "nodes": {
    "nixpkgs": {
      "locked": {
        "lastModified": 1603215895,
        "narHash": "sha256-BqVVsUpev1Pht9Z/gUT8YC8+GvmZc+JxpyBCv438Lg8=",
        "owner": "NixOS",
        "repo": "nixpkgs",
        "rev": "72ac8255dc57c8a58108351f0d0c2d0b33263183",
        "type": "github"
      },
      "original": {
        "id": "nixpkgs",
        "type": "indirect"
      }
    },
    "root": {
      "inputs": {
        "nixpkgs": "nixpkgs"
      }
    }
  },
  "root": "root",
  "version": 7
}
