{
  "nodes": {
    "nixpkgs": {
      "locked": {
        "lastModified": 1599818819,
        "narHash": "sha256-d42+IYnWDPCKy4Gmm28KtjtD2AEwiyhDOHntZL6EsbA=",
        "owner": "NixOS",
        "repo": "nixpkgs",
        "rev": "98036b1a1891fc564f8c01319b7b1ffc42ec7576",
        "type": "github"
      },
      "original": {
        "id": "nixpkgs",
        "type": "indirect"
      }
    },
    "root": {
      "inputs": {
        "nixpkgs": "nixpkgs"
      }
    }
  },
  "root": "root",
  "version": 7
}
